
Microsoft Visual Studio Solution File, Format Version 12.00
# Visual Studio Version 17
VisualStudioVersion = 17.5.33414.496
MinimumVisualStudioVersion = 10.0.40219.1
Project("{FAE04EC0-301F-11D3-BF4B-00C04F79EFBC}") = "ConsoleApp2", "ConsoleApp2\ConsoleApp2.csproj", "{5AE877EC-8EE8-4C3A-B1AA-096A108395D4}"
EndProject
Global
	GlobalSection(SolutionConfigurationPlatforms) = preSolution
		Debug|Any CPU = Debug|Any CPU
		Release|Any CPU = Release|Any CPU
	EndGlobalSection
	GlobalSection(ProjectConfigurationPlatforms) = postSolution
		{5AE877EC-8EE8-4C3A-B1AA-096A108395D4}.Debug|Any CPU.ActiveCfg = Debug|Any CPU
		{5AE877EC-8EE8-4C3A-B1AA-096A108395D4}.Debug|Any CPU.Build.0 = Debug|Any CPU
		{5AE877EC-8EE8-4C3A-B1AA-096A108395D4}.Release|Any CPU.ActiveCfg = Release|Any CPU
		{5AE877EC-8EE8-4C3A-B1AA-096A108395D4}.Release|Any CPU.Build.0 = Release|Any CPU
	EndGlobalSection
	GlobalSection(SolutionProperties) = preSolution
		HideSolutionNode = FALSE
	EndGlobalSection
	GlobalSection(ExtensibilityGlobals) = postSolution
		SolutionGuid = {5856196F-3CA2-4ADC-BEE3-2D274CCEEE57}
	EndGlobalSection
EndGlobal
